
Microsoft Visual Studio Solution File, Format Version 12.00
# Visual Studio Version 16
VisualStudioVersion = 16.0.30002.166
MinimumVisualStudioVersion = 10.0.40219.1
Project("{FAE04EC0-301F-11D3-BF4B-00C04F79EFBC}") = "SiloTowers.API", "SiloTowers.API\SiloTowers.API.csproj", "{9917AD5C-A1A8-4A6C-A676-3F2B8F8C130F}"
EndProject
Project("{FAE04EC0-301F-11D3-BF4B-00C04F79EFBC}") = "SiloTowers.Data", "SiloTowers.Data\SiloTowers.Data.csproj", "{91F2258C-95D5-42CB-82A3-F01639EE335C}"
EndProject
Project("{FAE04EC0-301F-11D3-BF4B-00C04F79EFBC}") = "SiloTowers.Core", "SiloTowers.Core\SiloTowers.Core.csproj", "{9AC13C10-A5C3-4D43-9C0C-9CC466630060}"
EndProject
Project("{FAE04EC0-301F-11D3-BF4B-00C04F79EFBC}") = "SiloTowers.Repositories", "SiloTowers.Repositories\SiloTowers.Repositories.csproj", "{6A47C324-A7A8-48C2-B7F8-AF6A9E9C5BAE}"
EndProject
Global
	GlobalSection(SolutionConfigurationPlatforms) = preSolution
		Debug|Any CPU = Debug|Any CPU
		Release|Any CPU = Release|Any CPU
	EndGlobalSection
	GlobalSection(ProjectConfigurationPlatforms) = postSolution
		{9917AD5C-A1A8-4A6C-A676-3F2B8F8C130F}.Debug|Any CPU.ActiveCfg = Debug|Any CPU
		{9917AD5C-A1A8-4A6C-A676-3F2B8F8C130F}.Debug|Any CPU.Build.0 = Debug|Any CPU
		{9917AD5C-A1A8-4A6C-A676-3F2B8F8C130F}.Release|Any CPU.ActiveCfg = Release|Any CPU
		{9917AD5C-A1A8-4A6C-A676-3F2B8F8C130F}.Release|Any CPU.Build.0 = Release|Any CPU
		{91F2258C-95D5-42CB-82A3-F01639EE335C}.Debug|Any CPU.ActiveCfg = Debug|Any CPU
		{91F2258C-95D5-42CB-82A3-F01639EE335C}.Debug|Any CPU.Build.0 = Debug|Any CPU
		{91F2258C-95D5-42CB-82A3-F01639EE335C}.Release|Any CPU.ActiveCfg = Release|Any CPU
		{91F2258C-95D5-42CB-82A3-F01639EE335C}.Release|Any CPU.Build.0 = Release|Any CPU
		{9AC13C10-A5C3-4D43-9C0C-9CC466630060}.Debug|Any CPU.ActiveCfg = Debug|Any CPU
		{9AC13C10-A5C3-4D43-9C0C-9CC466630060}.Debug|Any CPU.Build.0 = Debug|Any CPU
		{9AC13C10-A5C3-4D43-9C0C-9CC466630060}.Release|Any CPU.ActiveCfg = Release|Any CPU
		{9AC13C10-A5C3-4D43-9C0C-9CC466630060}.Release|Any CPU.Build.0 = Release|Any CPU
		{6A47C324-A7A8-48C2-B7F8-AF6A9E9C5BAE}.Debug|Any CPU.ActiveCfg = Debug|Any CPU
		{6A47C324-A7A8-48C2-B7F8-AF6A9E9C5BAE}.Debug|Any CPU.Build.0 = Debug|Any CPU
		{6A47C324-A7A8-48C2-B7F8-AF6A9E9C5BAE}.Release|Any CPU.ActiveCfg = Release|Any CPU
		{6A47C324-A7A8-48C2-B7F8-AF6A9E9C5BAE}.Release|Any CPU.Build.0 = Release|Any CPU
	EndGlobalSection
	GlobalSection(SolutionProperties) = preSolution
		HideSolutionNode = FALSE
	EndGlobalSection
	GlobalSection(ExtensibilityGlobals) = postSolution
		SolutionGuid = {56F8BAA4-3B30-4DDF-AD75-F97F3698ACEB}
	EndGlobalSection
EndGlobal
